
Microsoft Visual Studio Solution File, Format Version 12.00
# Visual Studio Version 17
VisualStudioVersion = 17.10.34928.147
MinimumVisualStudioVersion = 10.0.40219.1
Project("{9A19103F-16F7-4668-BE54-9A1E7A4F7556}") = "Project.WebApi", "Project.WebApi\Project.WebApi.csproj", "{8DEAB420-BD25-443D-8F4C-B61FB5E7DA36}"
EndProject
Project("{9A19103F-16F7-4668-BE54-9A1E7A4F7556}") = "Project.Application", "Project.Application\Project.Application.csproj", "{346D0F4A-BF29-4F2C-BDB2-C148C3380F93}"
EndProject
Project("{9A19103F-16F7-4668-BE54-9A1E7A4F7556}") = "Project.Domain", "Project.Domain\Project.Domain.csproj", "{7C08B489-62B0-43E2-973D-F23CB8913578}"
EndProject
Project("{9A19103F-16F7-4668-BE54-9A1E7A4F7556}") = "Project.Infrastructure", "Project.Infrastructure\Project.Infrastructure.csproj", "{A8CA9062-6F42-46E9-BC0A-E82D1A6FA59E}"
EndProject
Project("{FAE04EC0-301F-11D3-BF4B-00C04F79EFBC}") = "Project.Worker", "Project.Worker\Project.Worker.csproj", "{8109BAA2-667C-4A95-A42E-BF16141878B9}"
EndProject
Global
	GlobalSection(SolutionConfigurationPlatforms) = preSolution
		Debug|Any CPU = Debug|Any CPU
		Release|Any CPU = Release|Any CPU
	EndGlobalSection
	GlobalSection(ProjectConfigurationPlatforms) = postSolution
		{8DEAB420-BD25-443D-8F4C-B61FB5E7DA36}.Debug|Any CPU.ActiveCfg = Debug|Any CPU
		{8DEAB420-BD25-443D-8F4C-B61FB5E7DA36}.Debug|Any CPU.Build.0 = Debug|Any CPU
		{8DEAB420-BD25-443D-8F4C-B61FB5E7DA36}.Release|Any CPU.ActiveCfg = Release|Any CPU
		{8DEAB420-BD25-443D-8F4C-B61FB5E7DA36}.Release|Any CPU.Build.0 = Release|Any CPU
		{346D0F4A-BF29-4F2C-BDB2-C148C3380F93}.Debug|Any CPU.ActiveCfg = Debug|Any CPU
		{346D0F4A-BF29-4F2C-BDB2-C148C3380F93}.Debug|Any CPU.Build.0 = Debug|Any CPU
		{346D0F4A-BF29-4F2C-BDB2-C148C3380F93}.Release|Any CPU.ActiveCfg = Release|Any CPU
		{346D0F4A-BF29-4F2C-BDB2-C148C3380F93}.Release|Any CPU.Build.0 = Release|Any CPU
		{7C08B489-62B0-43E2-973D-F23CB8913578}.Debug|Any CPU.ActiveCfg = Debug|Any CPU
		{7C08B489-62B0-43E2-973D-F23CB8913578}.Debug|Any CPU.Build.0 = Debug|Any CPU
		{7C08B489-62B0-43E2-973D-F23CB8913578}.Release|Any CPU.ActiveCfg = Release|Any CPU
		{7C08B489-62B0-43E2-973D-F23CB8913578}.Release|Any CPU.Build.0 = Release|Any CPU
		{A8CA9062-6F42-46E9-BC0A-E82D1A6FA59E}.Debug|Any CPU.ActiveCfg = Debug|Any CPU
		{A8CA9062-6F42-46E9-BC0A-E82D1A6FA59E}.Debug|Any CPU.Build.0 = Debug|Any CPU
		{A8CA9062-6F42-46E9-BC0A-E82D1A6FA59E}.Release|Any CPU.ActiveCfg = Release|Any CPU
		{A8CA9062-6F42-46E9-BC0A-E82D1A6FA59E}.Release|Any CPU.Build.0 = Release|Any CPU
		{8109BAA2-667C-4A95-A42E-BF16141878B9}.Debug|Any CPU.ActiveCfg = Debug|Any CPU
		{8109BAA2-667C-4A95-A42E-BF16141878B9}.Debug|Any CPU.Build.0 = Debug|Any CPU
		{8109BAA2-667C-4A95-A42E-BF16141878B9}.Release|Any CPU.ActiveCfg = Release|Any CPU
		{8109BAA2-667C-4A95-A42E-BF16141878B9}.Release|Any CPU.Build.0 = Release|Any CPU
		{7F31492E-8CF8-4CA6-B0FE-4F7785C2FD3A}.Debug|Any CPU.ActiveCfg = Debug|Any CPU
		{7F31492E-8CF8-4CA6-B0FE-4F7785C2FD3A}.Debug|Any CPU.Build.0 = Debug|Any CPU
		{7F31492E-8CF8-4CA6-B0FE-4F7785C2FD3A}.Release|Any CPU.ActiveCfg = Release|Any CPU
		{7F31492E-8CF8-4CA6-B0FE-4F7785C2FD3A}.Release|Any CPU.Build.0 = Release|Any CPU
	EndGlobalSection
	GlobalSection(SolutionProperties) = preSolution
		HideSolutionNode = FALSE
	EndGlobalSection
	GlobalSection(ExtensibilityGlobals) = postSolution
		SolutionGuid = {5BDE9EFF-D043-416F-B07E-2CBDDD27B08A}
	EndGlobalSection
EndGlobal
